{
  "version": 4,
  "terraform_version": "1.14.8",
  "serial": 2,
  "lineage": "8eb8482f-92b1-5a79-0908-11b92b8eaa13",
  "outputs": {},
  "resources": [
    {
      "mode": "managed",
      "type": "azurerm_network_interface",
      "name": "nic",
      "provider": "provider[\"registry.terraform.io/hashicorp/azurerm\"]",
      "instances": [
        {
          "index_key": "nic-1",
          "schema_version": 0,
          "attributes": {
            "accelerated_networking_enabled": false,
            "applied_dns_servers": [],
            "auxiliary_mode": "",
            "auxiliary_sku": "",
            "dns_servers": [],
            "edge_zone": "",
            "id": "/subscriptions/8db8d7eb-b175-4cb0-87d7-454bc8341f52/resourceGroups/vnet-vscode/providers/Microsoft.Network/networkInterfaces/nic-name",
            "internal_dns_name_label": "",
            "internal_domain_name_suffix": "tu0zp1vd3lsutlmzkmv3jkjhoh.dx.internal.cloudapp.net",
            "ip_configuration": [
              {
                "gateway_load_balancer_frontend_ip_configuration_id": "",
                "name": "nic-network",
                "primary": true,
                "private_ip_address": "10.143.1.4",
                "private_ip_address_allocation": "Dynamic",
                "private_ip_address_version": "IPv4",
                "public_ip_address_id": "",
                "subnet_id": "/subscriptions/8db8d7eb-b175-4cb0-87d7-454bc8341f52/resourceGroups/vnet-vscode/providers/Microsoft.Network/virtualNetworks/vnet-front/subnets/frontend-subnet"
              }
            ],
            "ip_forwarding_enabled": false,
            "location": "westus",
            "mac_address": "",
            "name": "nic-name",
            "private_ip_address": "10.143.1.4",
            "private_ip_addresses": [
              "10.143.1.4"
            ],
            "resource_group_name": "vnet-vscode",
            "tags": {},
            "timeouts": null,
            "virtual_machine_id": ""
          },
          "sensitive_attributes": [],
          "identity_schema_version": 0,
          "identity": {
            "name": "nic-name",
            "resource_group_name": "vnet-vscode",
            "subscription_id": "8db8d7eb-b175-4cb0-87d7-454bc8341f52"
          },
          "private": "eyJlMmJmYjczMC1lY2FhLTExZTYtOGY4OC0zNDM2M2JjN2M0YzAiOnsiY3JlYXRlIjoxODAwMDAwMDAwMDAwLCJkZWxldGUiOjE4MDAwMDAwMDAwMDAsInJlYWQiOjMwMDAwMDAwMDAwMCwidXBkYXRlIjoxODAwMDAwMDAwMDAwfX0="
        }
      ]
    }
  ],
  "check_results": null
}
