{
  "version": 4,
  "terraform_version": "1.14.8",
  "serial": 3,
  "lineage": "fff868a6-1be7-ea1a-a8c6-e020e2cdeb86",
  "outputs": {},
  "resources": [
    {
      "mode": "managed",
      "type": "azurerm_resource_group",
      "name": "module1",
      "provider": "provider[\"registry.terraform.io/hashicorp/azurerm\"]",
      "instances": [
        {
          "index_key": "rg-subet",
          "schema_version": 0,
          "attributes": {
            "id": "/subscriptions/8326395a-42a3-4aec-9ccb-2dcb3be8cb96/resourceGroups/rg-subet",
            "location": "eastus",
            "managed_by": "",
            "name": "rg-subet",
            "tags": null,
            "timeouts": null
          },
          "sensitive_attributes": [],
          "identity_schema_version": 0,
          "identity": {
            "name": "rg-subet",
            "subscription_id": "8326395a-42a3-4aec-9ccb-2dcb3be8cb96"
          },
          "private": "eyJlMmJmYjczMC1lY2FhLTExZTYtOGY4OC0zNDM2M2JjN2M0YzAiOnsiY3JlYXRlIjo1NDAwMDAwMDAwMDAwLCJkZWxldGUiOjU0MDAwMDAwMDAwMDAsInJlYWQiOjMwMDAwMDAwMDAwMCwidXBkYXRlIjo1NDAwMDAwMDAwMDAwfX0="
        }
      ]
    }
  ],
  "check_results": null
}
