{
  "version": 4,
  "terraform_version": "1.14.8",
  "serial": 1,
  "lineage": "e480096d-f338-738a-3049-8efedcb89293",
  "outputs": {},
  "resources": [
    {
      "mode": "managed",
      "type": "azurerm_bastion_host",
      "name": "bastion",
      "provider": "provider[\"registry.terraform.io/hashicorp/azurerm\"]",
      "instances": [
        {
          "index_key": "bastionone",
          "schema_version": 0,
          "attributes": {
            "copy_paste_enabled": true,
            "dns_name": "bst-521a8a78-2b40-4fba-92cd-2a23a5a9f86c.bastion.azure.com",
            "file_copy_enabled": false,
            "id": "/subscriptions/8db8d7eb-b175-4cb0-87d7-454bc8341f52/resourceGroups/vnet-infra/providers/Microsoft.Network/bastionHosts/bastion-virtual",
            "ip_configuration": [
              {
                "name": "bastions-ip",
                "public_ip_address_id": "/subscriptions/8db8d7eb-b175-4cb0-87d7-454bc8341f52/resourceGroups/vnet-infra/providers/Microsoft.Network/publicIPAddresses/public-ip",
                "subnet_id": "/subscriptions/8db8d7eb-b175-4cb0-87d7-454bc8341f52/resourceGroups/vnet-infra/providers/Microsoft.Network/virtualNetworks/virtual-network92/subnets/AzureBastionSubnet"
              }
            ],
            "ip_connect_enabled": false,
            "kerberos_enabled": false,
            "location": "centralindia",
            "name": "bastion-virtual",
            "private_only_enabled": false,
            "resource_group_name": "vnet-infra",
            "scale_units": 2,
            "session_recording_enabled": false,
            "shareable_link_enabled": false,
            "sku": "Basic",
            "tags": null,
            "timeouts": null,
            "tunneling_enabled": false,
            "virtual_network_id": "",
            "zones": null
          },
          "sensitive_attributes": [],
          "identity_schema_version": 0,
          "identity": {
            "name": "bastion-virtual",
            "resource_group_name": "vnet-infra",
            "subscription_id": "8db8d7eb-b175-4cb0-87d7-454bc8341f52"
          },
          "private": "eyJlMmJmYjczMC1lY2FhLTExZTYtOGY4OC0zNDM2M2JjN2M0YzAiOnsiY3JlYXRlIjoxODAwMDAwMDAwMDAwLCJkZWxldGUiOjE4MDAwMDAwMDAwMDAsInJlYWQiOjMwMDAwMDAwMDAwMCwidXBkYXRlIjoxODAwMDAwMDAwMDAwfX0="
        }
      ]
    }
  ],
  "check_results": null
}
